
Microsoft Visual Studio Solution File, Format Version 12.00
# Visual Studio Version 17
VisualStudioVersion = 17.4.33122.133
MinimumVisualStudioVersion = 10.0.40219.1
Project("{FAE04EC0-301F-11D3-BF4B-00C04F79EFBC}") = "Authentication", "Authentication\Authentication.csproj", "{EBBA9EE7-7645-4D82-90C8-803E4C02D291}"
EndProject
Global
	GlobalSection(SolutionConfigurationPlatforms) = preSolution
		Debug|Any CPU = Debug|Any CPU
		Release|Any CPU = Release|Any CPU
	EndGlobalSection
	GlobalSection(ProjectConfigurationPlatforms) = postSolution
		{EBBA9EE7-7645-4D82-90C8-803E4C02D291}.Debug|Any CPU.ActiveCfg = Debug|Any CPU
		{EBBA9EE7-7645-4D82-90C8-803E4C02D291}.Debug|Any CPU.Build.0 = Debug|Any CPU
		{EBBA9EE7-7645-4D82-90C8-803E4C02D291}.Release|Any CPU.ActiveCfg = Release|Any CPU
		{EBBA9EE7-7645-4D82-90C8-803E4C02D291}.Release|Any CPU.Build.0 = Release|Any CPU
	EndGlobalSection
	GlobalSection(SolutionProperties) = preSolution
		HideSolutionNode = FALSE
	EndGlobalSection
	GlobalSection(ExtensibilityGlobals) = postSolution
		SolutionGuid = {44CA9589-0154-469C-BA5E-609A331601F0}
	EndGlobalSection
EndGlobal
